
Microsoft Visual Studio Solution File, Format Version 12.00
# Visual Studio Version 16
VisualStudioVersion = 16.0.29806.167
MinimumVisualStudioVersion = 15.0.26124.0
Project("{9A19103F-16F7-4668-BE54-9A1E7A4F7556}") = "Netler", "src\Netler\Netler.csproj", "{98BDD612-1D3A-45B8-A39B-A54543E70A63}"
EndProject
Project("{9A19103F-16F7-4668-BE54-9A1E7A4F7556}") = "IntegrationTests", "tests\IntegrationTests\IntegrationTests.csproj", "{0DEE5325-C86C-42BE-91AB-F4A6C721A047}"
EndProject
Project("{2150E333-8FDC-42A3-9474-1A3956D46DE8}") = "tests", "tests", "{0F3987D6-EE9D-47A5-9997-6DD9C5B1C92F}"
EndProject
Project("{9A19103F-16F7-4668-BE54-9A1E7A4F7556}") = "UnitTests", "tests\UnitTests\UnitTests.csproj", "{1A4B36BA-0951-4DD8-9466-6571E966432B}"
EndProject
Project("{2150E333-8FDC-42A3-9474-1A3956D46DE8}") = "Solution Items", "Solution Items", "{ABB1709D-007E-4651-BBE5-F1A787F8AD75}"
	ProjectSection(SolutionItems) = preProject
		.travis.yml = .travis.yml
		DOCS.md = DOCS.md
		LICENSE = LICENSE
		logo\netler.svg.png = logo\netler.svg.png
		README.md = README.md
	EndProjectSection
EndProject
Global
	GlobalSection(SolutionConfigurationPlatforms) = preSolution
		Debug|Any CPU = Debug|Any CPU
		Debug|x64 = Debug|x64
		Debug|x86 = Debug|x86
		Release|Any CPU = Release|Any CPU
		Release|x64 = Release|x64
		Release|x86 = Release|x86
	EndGlobalSection
	GlobalSection(ProjectConfigurationPlatforms) = postSolution
		{98BDD612-1D3A-45B8-A39B-A54543E70A63}.Debug|Any CPU.ActiveCfg = Debug|Any CPU
		{98BDD612-1D3A-45B8-A39B-A54543E70A63}.Debug|Any CPU.Build.0 = Debug|Any CPU
		{98BDD612-1D3A-45B8-A39B-A54543E70A63}.Debug|x64.ActiveCfg = Debug|Any CPU
		{98BDD612-1D3A-45B8-A39B-A54543E70A63}.Debug|x64.Build.0 = Debug|Any CPU
		{98BDD612-1D3A-45B8-A39B-A54543E70A63}.Debug|x86.ActiveCfg = Debug|Any CPU
		{98BDD612-1D3A-45B8-A39B-A54543E70A63}.Debug|x86.Build.0 = Debug|Any CPU
		{98BDD612-1D3A-45B8-A39B-A54543E70A63}.Release|Any CPU.ActiveCfg = Release|Any CPU
		{98BDD612-1D3A-45B8-A39B-A54543E70A63}.Release|Any CPU.Build.0 = Release|Any CPU
		{98BDD612-1D3A-45B8-A39B-A54543E70A63}.Release|x64.ActiveCfg = Release|Any CPU
		{98BDD612-1D3A-45B8-A39B-A54543E70A63}.Release|x64.Build.0 = Release|Any CPU
		{98BDD612-1D3A-45B8-A39B-A54543E70A63}.Release|x86.ActiveCfg = Release|Any CPU
		{98BDD612-1D3A-45B8-A39B-A54543E70A63}.Release|x86.Build.0 = Release|Any CPU
		{0DEE5325-C86C-42BE-91AB-F4A6C721A047}.Debug|Any CPU.ActiveCfg = Debug|Any CPU
		{0DEE5325-C86C-42BE-91AB-F4A6C721A047}.Debug|Any CPU.Build.0 = Debug|Any CPU
		{0DEE5325-C86C-42BE-91AB-F4A6C721A047}.Debug|x64.ActiveCfg = Debug|Any CPU
		{0DEE5325-C86C-42BE-91AB-F4A6C721A047}.Debug|x64.Build.0 = Debug|Any CPU
		{0DEE5325-C86C-42BE-91AB-F4A6C721A047}.Debug|x86.ActiveCfg = Debug|Any CPU
		{0DEE5325-C86C-42BE-91AB-F4A6C721A047}.Debug|x86.Build.0 = Debug|Any CPU
		{0DEE5325-C86C-42BE-91AB-F4A6C721A047}.Release|Any CPU.ActiveCfg = Release|Any CPU
		{0DEE5325-C86C-42BE-91AB-F4A6C721A047}.Release|Any CPU.Build.0 = Release|Any CPU
		{0DEE5325-C86C-42BE-91AB-F4A6C721A047}.Release|x64.ActiveCfg = Release|Any CPU
		{0DEE5325-C86C-42BE-91AB-F4A6C721A047}.Release|x64.Build.0 = Release|Any CPU
		{0DEE5325-C86C-42BE-91AB-F4A6C721A047}.Release|x86.ActiveCfg = Release|Any CPU
		{0DEE5325-C86C-42BE-91AB-F4A6C721A047}.Release|x86.Build.0 = Release|Any CPU
		{1A4B36BA-0951-4DD8-9466-6571E966432B}.Debug|Any CPU.ActiveCfg = Debug|Any CPU
		{1A4B36BA-0951-4DD8-9466-6571E966432B}.Debug|Any CPU.Build.0 = Debug|Any CPU
		{1A4B36BA-0951-4DD8-9466-6571E966432B}.Debug|x64.ActiveCfg = Debug|Any CPU
		{1A4B36BA-0951-4DD8-9466-6571E966432B}.Debug|x64.Build.0 = Debug|Any CPU
		{1A4B36BA-0951-4DD8-9466-6571E966432B}.Debug|x86.ActiveCfg = Debug|Any CPU
		{1A4B36BA-0951-4DD8-9466-6571E966432B}.Debug|x86.Build.0 = Debug|Any CPU
		{1A4B36BA-0951-4DD8-9466-6571E966432B}.Release|Any CPU.ActiveCfg = Release|Any CPU
		{1A4B36BA-0951-4DD8-9466-6571E966432B}.Release|Any CPU.Build.0 = Release|Any CPU
		{1A4B36BA-0951-4DD8-9466-6571E966432B}.Release|x64.ActiveCfg = Release|Any CPU
		{1A4B36BA-0951-4DD8-9466-6571E966432B}.Release|x64.Build.0 = Release|Any CPU
		{1A4B36BA-0951-4DD8-9466-6571E966432B}.Release|x86.ActiveCfg = Release|Any CPU
		{1A4B36BA-0951-4DD8-9466-6571E966432B}.Release|x86.Build.0 = Release|Any CPU
	EndGlobalSection
	GlobalSection(SolutionProperties) = preSolution
		HideSolutionNode = FALSE
	EndGlobalSection
	GlobalSection(NestedProjects) = preSolution
		{0DEE5325-C86C-42BE-91AB-F4A6C721A047} = {0F3987D6-EE9D-47A5-9997-6DD9C5B1C92F}
		{1A4B36BA-0951-4DD8-9466-6571E966432B} = {0F3987D6-EE9D-47A5-9997-6DD9C5B1C92F}
	EndGlobalSection
	GlobalSection(ExtensibilityGlobals) = postSolution
		SolutionGuid = {0E5ECA6D-9436-4002-B3DC-4491B3FDABEE}
	EndGlobalSection
EndGlobal
